
Microsoft Visual Studio Solution File, Format Version 12.00
# Visual Studio Version 17
VisualStudioVersion = 17.8.34322.80
MinimumVisualStudioVersion = 10.0.40219.1
Project("{FAE04EC0-301F-11D3-BF4B-00C04F79EFBC}") = "JwtAuthAPI", "JwtAuthAPI\JwtAuthAPI.csproj", "{CA4ED985-C748-4B8F-BE0B-07D6A11F2DD0}"
EndProject
Project("{FAE04EC0-301F-11D3-BF4B-00C04F79EFBC}") = "Application", "Application\Application.csproj", "{6CAD7213-3F70-41C8-8296-77FE9FA0A335}"
EndProject
Project("{FAE04EC0-301F-11D3-BF4B-00C04F79EFBC}") = "Infrastructure", "Infrastructure\Infrastructure.csproj", "{30655176-4CC0-4ABD-966C-14B804662E2B}"
EndProject
Project("{FAE04EC0-301F-11D3-BF4B-00C04F79EFBC}") = "Domain", "Domain\Domain.csproj", "{7EF8EE6C-8706-4902-9480-44BB475BEA6E}"
EndProject
Global
	GlobalSection(SolutionConfigurationPlatforms) = preSolution
		Debug|Any CPU = Debug|Any CPU
		Release|Any CPU = Release|Any CPU
	EndGlobalSection
	GlobalSection(ProjectConfigurationPlatforms) = postSolution
		{CA4ED985-C748-4B8F-BE0B-07D6A11F2DD0}.Debug|Any CPU.ActiveCfg = Debug|Any CPU
		{CA4ED985-C748-4B8F-BE0B-07D6A11F2DD0}.Debug|Any CPU.Build.0 = Debug|Any CPU
		{CA4ED985-C748-4B8F-BE0B-07D6A11F2DD0}.Release|Any CPU.ActiveCfg = Release|Any CPU
		{CA4ED985-C748-4B8F-BE0B-07D6A11F2DD0}.Release|Any CPU.Build.0 = Release|Any CPU
		{6CAD7213-3F70-41C8-8296-77FE9FA0A335}.Debug|Any CPU.ActiveCfg = Debug|Any CPU
		{6CAD7213-3F70-41C8-8296-77FE9FA0A335}.Debug|Any CPU.Build.0 = Debug|Any CPU
		{6CAD7213-3F70-41C8-8296-77FE9FA0A335}.Release|Any CPU.ActiveCfg = Release|Any CPU
		{6CAD7213-3F70-41C8-8296-77FE9FA0A335}.Release|Any CPU.Build.0 = Release|Any CPU
		{30655176-4CC0-4ABD-966C-14B804662E2B}.Debug|Any CPU.ActiveCfg = Debug|Any CPU
		{30655176-4CC0-4ABD-966C-14B804662E2B}.Debug|Any CPU.Build.0 = Debug|Any CPU
		{30655176-4CC0-4ABD-966C-14B804662E2B}.Release|Any CPU.ActiveCfg = Release|Any CPU
		{30655176-4CC0-4ABD-966C-14B804662E2B}.Release|Any CPU.Build.0 = Release|Any CPU
		{7EF8EE6C-8706-4902-9480-44BB475BEA6E}.Debug|Any CPU.ActiveCfg = Debug|Any CPU
		{7EF8EE6C-8706-4902-9480-44BB475BEA6E}.Debug|Any CPU.Build.0 = Debug|Any CPU
		{7EF8EE6C-8706-4902-9480-44BB475BEA6E}.Release|Any CPU.ActiveCfg = Release|Any CPU
		{7EF8EE6C-8706-4902-9480-44BB475BEA6E}.Release|Any CPU.Build.0 = Release|Any CPU
	EndGlobalSection
	GlobalSection(SolutionProperties) = preSolution
		HideSolutionNode = FALSE
	EndGlobalSection
	GlobalSection(ExtensibilityGlobals) = postSolution
		SolutionGuid = {25BEBFEB-E213-4EFB-9ADC-53F9E5E160AA}
	EndGlobalSection
EndGlobal
